
Microsoft Visual Studio Solution File, Format Version 12.00
# Visual Studio Version 17
VisualStudioVersion = 17.4.33213.308
MinimumVisualStudioVersion = 10.0.40219.1
Project("{9A19103F-16F7-4668-BE54-9A1E7A4F7556}") = "UI.Client.ChuBao", "UI.Client.ChuBao\UI.Client.ChuBao.csproj", "{9FFE5304-1FE6-4EED-A1C5-A5B98CC580EA}"
EndProject
Project("{9A19103F-16F7-4668-BE54-9A1E7A4F7556}") = "Access.Client.ChuBao", "Access.Client.ChuBao\Access.Client.ChuBao.csproj", "{5053BADE-3629-4027-A400-7BF8FA383D77}"
EndProject
Project("{9A19103F-16F7-4668-BE54-9A1E7A4F7556}") = "Core.Client.ChuBao", "Core.Client.ChuBao\Core.Client.ChuBao.csproj", "{C00AC48B-0350-4FE2-829E-98353FB03D07}"
EndProject
Project("{FAE04EC0-301F-11D3-BF4B-00C04F79EFBC}") = "Data.Client.ChuBao", "Data.Client.ChuBao\Data.Client.ChuBao.csproj", "{63724542-26C3-4994-91C7-CC5334B8BA6E}"
EndProject
Global
	GlobalSection(SolutionConfigurationPlatforms) = preSolution
		Debug|Any CPU = Debug|Any CPU
		Release|Any CPU = Release|Any CPU
	EndGlobalSection
	GlobalSection(ProjectConfigurationPlatforms) = postSolution
		{9FFE5304-1FE6-4EED-A1C5-A5B98CC580EA}.Debug|Any CPU.ActiveCfg = Debug|Any CPU
		{9FFE5304-1FE6-4EED-A1C5-A5B98CC580EA}.Debug|Any CPU.Build.0 = Debug|Any CPU
		{9FFE5304-1FE6-4EED-A1C5-A5B98CC580EA}.Release|Any CPU.ActiveCfg = Release|Any CPU
		{9FFE5304-1FE6-4EED-A1C5-A5B98CC580EA}.Release|Any CPU.Build.0 = Release|Any CPU
		{5053BADE-3629-4027-A400-7BF8FA383D77}.Debug|Any CPU.ActiveCfg = Debug|Any CPU
		{5053BADE-3629-4027-A400-7BF8FA383D77}.Debug|Any CPU.Build.0 = Debug|Any CPU
		{5053BADE-3629-4027-A400-7BF8FA383D77}.Release|Any CPU.ActiveCfg = Release|Any CPU
		{5053BADE-3629-4027-A400-7BF8FA383D77}.Release|Any CPU.Build.0 = Release|Any CPU
		{C00AC48B-0350-4FE2-829E-98353FB03D07}.Debug|Any CPU.ActiveCfg = Debug|Any CPU
		{C00AC48B-0350-4FE2-829E-98353FB03D07}.Debug|Any CPU.Build.0 = Debug|Any CPU
		{C00AC48B-0350-4FE2-829E-98353FB03D07}.Release|Any CPU.ActiveCfg = Release|Any CPU
		{C00AC48B-0350-4FE2-829E-98353FB03D07}.Release|Any CPU.Build.0 = Release|Any CPU
		{63724542-26C3-4994-91C7-CC5334B8BA6E}.Debug|Any CPU.ActiveCfg = Debug|Any CPU
		{63724542-26C3-4994-91C7-CC5334B8BA6E}.Debug|Any CPU.Build.0 = Debug|Any CPU
		{63724542-26C3-4994-91C7-CC5334B8BA6E}.Release|Any CPU.ActiveCfg = Release|Any CPU
		{63724542-26C3-4994-91C7-CC5334B8BA6E}.Release|Any CPU.Build.0 = Release|Any CPU
	EndGlobalSection
	GlobalSection(SolutionProperties) = preSolution
		HideSolutionNode = FALSE
	EndGlobalSection
	GlobalSection(ExtensibilityGlobals) = postSolution
		SolutionGuid = {37A4981B-4892-4F6E-A8EC-1FFEC3A439CF}
	EndGlobalSection
EndGlobal
